{
  "version": 4,
  "terraform_version": "1.15.8",
  "serial": 3,
  "lineage": "86cf0290-a187-40dc-54b3-ce7b95a1b970",
  "outputs": {
    "instance_external_ip": {
      "value": "35.239.231.72",
      "type": "string"
    }
  },
  "resources": [
    {
      "mode": "data",
      "type": "google_compute_network",
      "name": "default",
      "provider": "provider[\"registry.terraform.io/hashicorp/google\"]",
      "instances": [
        {
          "schema_version": 0,
          "attributes": {
            "description": "Default network for the project",
            "gateway_ipv4": "",
            "id": "projects/terraform-learning-503012/global/networks/default",
            "internal_ipv6_range": "",
            "name": "default",
            "project": null,
            "self_link": "https://www.googleapis.com/compute/v1/projects/terraform-learning-503012/global/networks/default",
            "subnetworks_self_links": [
              "https://www.googleapis.com/compute/v1/projects/terraform-learning-503012/regions/northamerica-south1/subnetworks/default",
              "https://www.googleapis.com/compute/v1/projects/terraform-learning-503012/regions/europe-west9/subnetworks/default",
              "https://www.googleapis.com/compute/v1/projects/terraform-learning-503012/regions/asia-east2/subnetworks/default",
              "https://www.googleapis.com/compute/v1/projects/terraform-learning-503012/regions/asia-south2/subnetworks/default",
              "https://www.googleapis.com/compute/v1/projects/terraform-learning-503012/regions/asia-south1/subnetworks/default",
              "https://www.googleapis.com/compute/v1/projects/terraform-learning-503012/regions/africa-south1/subnetworks/default",
              "https://www.googleapis.com/compute/v1/projects/terraform-learning-503012/regions/us-east5/subnetworks/default",
              "https://www.googleapis.com/compute/v1/projects/terraform-learning-503012/regions/europe-west1/subnetworks/default",
              "https://www.googleapis.com/compute/v1/projects/terraform-learning-503012/regions/northamerica-northeast1/subnetworks/default",
              "https://www.googleapis.com/compute/v1/projects/terraform-learning-503012/regions/asia-northeast2/subnetworks/default",
              "https://www.googleapis.com/compute/v1/projects/terraform-learning-503012/regions/europe-west4/subnetworks/default",
              "https://www.googleapis.com/compute/v1/projects/terraform-learning-503012/regions/northamerica-northeast2/subnetworks/default",
              "https://www.googleapis.com/compute/v1/projects/terraform-learning-503012/regions/asia-northeast3/subnetworks/default",
              "https://www.googleapis.com/compute/v1/projects/terraform-learning-503012/regions/asia-southeast1/subnetworks/default",
              "https://www.googleapis.com/compute/v1/projects/terraform-learning-503012/regions/us-south1/subnetworks/default",
              "https://www.googleapis.com/compute/v1/projects/terraform-learning-503012/regions/europe-north2/subnetworks/default",
              "https://www.googleapis.com/compute/v1/projects/terraform-learning-503012/regions/australia-southeast1/subnetworks/default",
              "https://www.googleapis.com/compute/v1/projects/terraform-learning-503012/regions/us-east1/subnetworks/default",
              "https://www.googleapis.com/compute/v1/projects/terraform-learning-503012/regions/europe-west8/subnetworks/default",
              "https://www.googleapis.com/compute/v1/projects/terraform-learning-503012/regions/europe-southwest1/subnetworks/default",
              "https://www.googleapis.com/compute/v1/projects/terraform-learning-503012/regions/us-west1/subnetworks/default",
              "https://www.googleapis.com/compute/v1/projects/terraform-learning-503012/regions/asia-northeast1/subnetworks/default",
              "https://www.googleapis.com/compute/v1/projects/terraform-learning-503012/regions/us-west3/subnetworks/default",
              "https://www.googleapis.com/compute/v1/projects/terraform-learning-503012/regions/europe-west6/subnetworks/default",
              "https://www.googleapis.com/compute/v1/projects/terraform-learning-503012/regions/europe-north1/subnetworks/default",
              "https://www.googleapis.com/compute/v1/projects/terraform-learning-503012/regions/europe-west10/subnetworks/default",
              "https://www.googleapis.com/compute/v1/projects/terraform-learning-503012/regions/me-west1/subnetworks/default",
              "https://www.googleapis.com/compute/v1/projects/terraform-learning-503012/regions/australia-southeast2/subnetworks/default",
              "https://www.googleapis.com/compute/v1/projects/terraform-learning-503012/regions/asia-east1/subnetworks/default",
              "https://www.googleapis.com/compute/v1/projects/terraform-learning-503012/regions/southamerica-west1/subnetworks/default",
              "https://www.googleapis.com/compute/v1/projects/terraform-learning-503012/regions/us-west2/subnetworks/default",
              "https://www.googleapis.com/compute/v1/projects/terraform-learning-503012/regions/europe-west3/subnetworks/default",
              "https://www.googleapis.com/compute/v1/projects/terraform-learning-503012/regions/me-central1/subnetworks/default",
              "https://www.googleapis.com/compute/v1/projects/terraform-learning-503012/regions/asia-southeast3/subnetworks/default",
              "https://www.googleapis.com/compute/v1/projects/terraform-learning-503012/regions/europe-west2/subnetworks/default",
              "https://www.googleapis.com/compute/v1/projects/terraform-learning-503012/regions/europe-central2/subnetworks/default",
              "https://www.googleapis.com/compute/v1/projects/terraform-learning-503012/regions/us-east4/subnetworks/default",
              "https://www.googleapis.com/compute/v1/projects/terraform-learning-503012/regions/southamerica-east1/subnetworks/default",
              "https://www.googleapis.com/compute/v1/projects/terraform-learning-503012/regions/us-central1/subnetworks/default",
              "https://www.googleapis.com/compute/v1/projects/terraform-learning-503012/regions/europe-west12/subnetworks/default",
              "https://www.googleapis.com/compute/v1/projects/terraform-learning-503012/regions/asia-southeast2/subnetworks/default",
              "https://www.googleapis.com/compute/v1/projects/terraform-learning-503012/regions/us-west4/subnetworks/default"
            ]
          },
          "sensitive_attributes": [],
          "identity_schema_version": 0
        }
      ]
    },
    {
      "mode": "managed",
      "type": "google_compute_firewall",
      "name": "allow_http_https",
      "provider": "provider[\"registry.terraform.io/hashicorp/google\"]",
      "instances": [
        {
          "schema_version": 1,
          "attributes": {
            "allow": [
              {
                "ports": [
                  "80",
                  "443"
                ],
                "protocol": "tcp"
              }
            ],
            "creation_timestamp": "2026-07-27T01:36:44.625-07:00",
            "deny": [],
            "description": "",
            "destination_ranges": [],
            "direction": "INGRESS",
            "disabled": false,
            "enable_logging": null,
            "id": "projects/terraform-learning-503012/global/firewalls/allow-http-https-ops-lab",
            "log_config": [],
            "name": "allow-http-https-ops-lab",
            "network": "https://www.googleapis.com/compute/v1/projects/terraform-learning-503012/global/networks/default",
            "priority": 1000,
            "project": "terraform-learning-503012",
            "self_link": "https://www.googleapis.com/compute/v1/projects/terraform-learning-503012/global/firewalls/allow-http-https-ops-lab",
            "source_ranges": [
              "0.0.0.0/0"
            ],
            "source_service_accounts": null,
            "source_tags": null,
            "target_service_accounts": null,
            "target_tags": [
              "http-server",
              "https-server"
            ],
            "timeouts": null
          },
          "sensitive_attributes": [],
          "identity_schema_version": 0,
          "private": "eyJlMmJmYjczMC1lY2FhLTExZTYtOGY4OC0zNDM2M2JjN2M0YzAiOnsiY3JlYXRlIjoxMjAwMDAwMDAwMDAwLCJkZWxldGUiOjEyMDAwMDAwMDAwMDAsInVwZGF0ZSI6MTIwMDAwMDAwMDAwMH0sInNjaGVtYV92ZXJzaW9uIjoiMSJ9",
          "dependencies": [
            "data.google_compute_network.default"
          ]
        }
      ]
    },
    {
      "mode": "managed",
      "type": "google_compute_instance",
      "name": "quickstart_vm",
      "provider": "provider[\"registry.terraform.io/hashicorp/google\"]",
      "instances": [
        {
          "schema_version": 6,
          "attributes": {
            "advanced_machine_features": [],
            "allow_stopping_for_update": null,
            "attached_disk": [],
            "boot_disk": [
              {
                "auto_delete": true,
                "device_name": "persistent-disk-0",
                "disk_encryption_key_raw": "",
                "disk_encryption_key_sha256": "",
                "initialize_params": [
                  {
                    "enable_confidential_compute": false,
                    "image": "https://www.googleapis.com/compute/v1/projects/debian-cloud/global/images/debian-12-bookworm-v20260721",
                    "labels": {},
                    "provisioned_iops": 0,
                    "provisioned_throughput": 0,
                    "resource_manager_tags": null,
                    "size": 10,
                    "storage_pool": "",
                    "type": "pd-standard"
                  }
                ],
                "kms_key_self_link": "",
                "mode": "READ_WRITE",
                "source": "https://www.googleapis.com/compute/v1/projects/terraform-learning-503012/zones/us-central1-a/disks/quickstart-vm"
              }
            ],
            "can_ip_forward": false,
            "confidential_instance_config": [],
            "cpu_platform": "Intel Broadwell",
            "current_status": "RUNNING",
            "deletion_protection": false,
            "description": "",
            "desired_status": null,
            "effective_labels": {
              "goog-ops-agent": "true"
            },
            "enable_display": false,
            "guest_accelerator": [],
            "hostname": "",
            "id": "projects/terraform-learning-503012/zones/us-central1-a/instances/quickstart-vm",
            "instance_id": "5682950607108482673",
            "label_fingerprint": "dMJuapZGIqo=",
            "labels": {
              "goog-ops-agent": "true"
            },
            "machine_type": "e2-small",
            "metadata": null,
            "metadata_fingerprint": "o88dpPbrsjc=",
            "metadata_startup_script": "    #!/bin/bash\n    set -e\n    sudo apt-get update\n    sudo apt-get install -y apache2 php\n    curl -sSO https://dl.google.com/cloudagents/add-google-cloud-ops-agent-repo.sh\n    sudo bash add-google-cloud-ops-agent-repo.sh --also-install\n    sudo cp /etc/google-cloud-ops-agent/config.yaml /etc/google-cloud-ops-agent/config.yaml.bak\n\n    sudo tee /etc/google-cloud-ops-agent/config.yaml \u003e /dev/null \u003c\u003c 'INNER_EOF'\nmetrics:\n  receivers:\n    apache:\n      type: apache\n  service:\n    pipelines:\n      apache:\n        receivers:\n          - apache\nlogging:\n  receivers:\n    apache_access:\n      type: apache_access\n    apache_error:\n      type: apache_error\n  service:\n    pipelines:\n      apache:\n        receivers:\n          - apache_access\n          - apache_error\nINNER_EOF\n\n    sudo service google-cloud-ops-agent restart\n",
            "min_cpu_platform": "",
            "name": "quickstart-vm",
            "network_interface": [
              {
                "access_config": [
                  {
                    "nat_ip": "35.239.231.72",
                    "network_tier": "PREMIUM",
                    "public_ptr_domain_name": ""
                  }
                ],
                "alias_ip_range": [],
                "internal_ipv6_prefix_length": 0,
                "ipv6_access_config": [],
                "ipv6_access_type": "",
                "ipv6_address": "",
                "name": "nic0",
                "network": "https://www.googleapis.com/compute/v1/projects/terraform-learning-503012/global/networks/default",
                "network_ip": "10.128.0.5",
                "nic_type": "",
                "queue_count": 0,
                "stack_type": "IPV4_ONLY",
                "subnetwork": "https://www.googleapis.com/compute/v1/projects/terraform-learning-503012/regions/us-central1/subnetworks/default",
                "subnetwork_project": "terraform-learning-503012"
              }
            ],
            "network_performance_config": [],
            "params": [],
            "project": "terraform-learning-503012",
            "reservation_affinity": [],
            "resource_policies": null,
            "scheduling": [
              {
                "automatic_restart": true,
                "instance_termination_action": "",
                "local_ssd_recovery_timeout": [],
                "max_run_duration": [],
                "min_node_cpus": 0,
                "node_affinities": [],
                "on_host_maintenance": "MIGRATE",
                "on_instance_stop_action": [],
                "preemptible": false,
                "provisioning_model": "STANDARD"
              }
            ],
            "scratch_disk": [],
            "self_link": "https://www.googleapis.com/compute/v1/projects/terraform-learning-503012/zones/us-central1-a/instances/quickstart-vm",
            "service_account": [],
            "shielded_instance_config": [
              {
                "enable_integrity_monitoring": true,
                "enable_secure_boot": false,
                "enable_vtpm": true
              }
            ],
            "tags": [
              "http-server",
              "https-server"
            ],
            "tags_fingerprint": "6smc4R4d39I=",
            "terraform_labels": {
              "goog-ops-agent": "true"
            },
            "timeouts": null,
            "zone": "us-central1-a"
          },
          "sensitive_attributes": [
            [
              {
                "type": "get_attr",
                "value": "boot_disk"
              },
              {
                "type": "index",
                "value": {
                  "value": 0,
                  "type": "number"
                }
              },
              {
                "type": "get_attr",
                "value": "disk_encryption_key_raw"
              }
            ]
          ],
          "identity_schema_version": 0,
          "private": "eyJlMmJmYjczMC1lY2FhLTExZTYtOGY4OC0zNDM2M2JjN2M0YzAiOnsiY3JlYXRlIjoxMjAwMDAwMDAwMDAwLCJkZWxldGUiOjEyMDAwMDAwMDAwMDAsInVwZGF0ZSI6MTIwMDAwMDAwMDAwMH0sInNjaGVtYV92ZXJzaW9uIjoiNiJ9",
          "dependencies": [
            "data.google_compute_network.default"
          ]
        }
      ]
    }
  ],
  "check_results": null
}
